// !$*UTF8*$!
{
	archiveVersion = 1;
	classes = {
	};
	objectVersion = 50;
	objects = {

/* Begin PBXBuildFile section */
		3BEDCC4AE6BB1DBAC1D87B47 /* Pods_SwiftTMDB_iOS.framework in Frameworks */ = {isa = PBXBuildFile; fileRef = D5C6928ADB7179A63DA26D77 /* Pods_SwiftTMDB_iOS.framework */; };
		68EDF576A16063A3954A82D1 /* Pods_SwiftTMDB_MacOS.framework in Frameworks */ = {isa = PBXBuildFile; fileRef = A3C416B7FA50D7FCAAA66574 /* Pods_SwiftTMDB_MacOS.framework */; };
		C4AFACF922CCB012004484ED /* SwiftTMDB_iOS.h in Headers */ = {isa = PBXBuildFile; fileRef = C4AFACF722CCB012004484ED /* SwiftTMDB_iOS.h */; settings = {ATTRIBUTES = (Public, ); }; };
		C4AFAD0622CCB02A004484ED /* SwiftTMDB_MacOS.h in Headers */ = {isa = PBXBuildFile; fileRef = C4AFAD0422CCB02A004484ED /* SwiftTMDB_MacOS.h */; settings = {ATTRIBUTES = (Public, ); }; };
		C4AFAD0A22CCB089004484ED /* MultipleItemQuery.swift in Sources */ = {isa = PBXBuildFile; fileRef = C4B1180822C64F3000E58E50 /* MultipleItemQuery.swift */; };
		C4AFAD0B22CCB089004484ED /* Query.swift in Sources */ = {isa = PBXBuildFile; fileRef = C4B117F922C64F2F00E58E50 /* Query.swift */; };
		C4AFAD0C22CCB089004484ED /* RecommendedQuery.swift in Sources */ = {isa = PBXBuildFile; fileRef = C4B1180222C64F2F00E58E50 /* RecommendedQuery.swift */; };
		C4AFAD0D22CCB089004484ED /* Reference.swift in Sources */ = {isa = PBXBuildFile; fileRef = C4B1180522C64F3000E58E50 /* Reference.swift */; };
		C4AFAD0E22CCB089004484ED /* SearchQuery.swift in Sources */ = {isa = PBXBuildFile; fileRef = C4B1180722C64F3000E58E50 /* SearchQuery.swift */; };
		C4AFAD0F22CCB089004484ED /* StatusResponse.swift in Sources */ = {isa = PBXBuildFile; fileRef = C4B1180322C64F2F00E58E50 /* StatusResponse.swift */; };
		C4AFAD1022CCB089004484ED /* SupplimentaryDataQuery.swift in Sources */ = {isa = PBXBuildFile; fileRef = C4B117F822C64F2F00E58E50 /* SupplimentaryDataQuery.swift */; };
		C4AFAD1122CCB089004484ED /* TMDBQueryManager.swift in Sources */ = {isa = PBXBuildFile; fileRef = C4B1180622C64F3000E58E50 /* TMDBQueryManager.swift */; };
		C4AFAD1222CCB08A004484ED /* MultipleItemQuery.swift in Sources */ = {isa = PBXBuildFile; fileRef = C4B1180822C64F3000E58E50 /* MultipleItemQuery.swift */; };
		C4AFAD1322CCB08A004484ED /* Query.swift in Sources */ = {isa = PBXBuildFile; fileRef = C4B117F922C64F2F00E58E50 /* Query.swift */; };
		C4AFAD1422CCB08A004484ED /* RecommendedQuery.swift in Sources */ = {isa = PBXBuildFile; fileRef = C4B1180222C64F2F00E58E50 /* RecommendedQuery.swift */; };
		C4AFAD1522CCB08A004484ED /* Reference.swift in Sources */ = {isa = PBXBuildFile; fileRef = C4B1180522C64F3000E58E50 /* Reference.swift */; };
		C4AFAD1622CCB08A004484ED /* SearchQuery.swift in Sources */ = {isa = PBXBuildFile; fileRef = C4B1180722C64F3000E58E50 /* SearchQuery.swift */; };
		C4AFAD1722CCB08A004484ED /* StatusResponse.swift in Sources */ = {isa = PBXBuildFile; fileRef = C4B1180322C64F2F00E58E50 /* StatusResponse.swift */; };
		C4AFAD1822CCB08A004484ED /* SupplimentaryDataQuery.swift in Sources */ = {isa = PBXBuildFile; fileRef = C4B117F822C64F2F00E58E50 /* SupplimentaryDataQuery.swift */; };
		C4AFAD1922CCB08A004484ED /* TMDBQueryManager.swift in Sources */ = {isa = PBXBuildFile; fileRef = C4B1180622C64F3000E58E50 /* TMDBQueryManager.swift */; };
		C4AFAD1A22CCB08C004484ED /* DiscoverQuery.swift in Sources */ = {isa = PBXBuildFile; fileRef = C4B1180422C64F3000E58E50 /* DiscoverQuery.swift */; };
		C4AFAD1B22CCB08C004484ED /* GetQuery.swift in Sources */ = {isa = PBXBuildFile; fileRef = C4B1180122C64F2F00E58E50 /* GetQuery.swift */; };
		C4AFAD1C22CCB08C004484ED /* ImageQuery.swift in Sources */ = {isa = PBXBuildFile; fileRef = C4B1180022C64F2F00E58E50 /* ImageQuery.swift */; };
		C4AFAD1D22CCB08D004484ED /* DiscoverQuery.swift in Sources */ = {isa = PBXBuildFile; fileRef = C4B1180422C64F3000E58E50 /* DiscoverQuery.swift */; };
		C4AFAD1E22CCB08D004484ED /* GetQuery.swift in Sources */ = {isa = PBXBuildFile; fileRef = C4B1180122C64F2F00E58E50 /* GetQuery.swift */; };
		C4AFAD1F22CCB08D004484ED /* ImageQuery.swift in Sources */ = {isa = PBXBuildFile; fileRef = C4B1180022C64F2F00E58E50 /* ImageQuery.swift */; };
		C4AFAD2022CCB091004484ED /* TMDBPerson.swift in Sources */ = {isa = PBXBuildFile; fileRef = C4B117FB22C64F2F00E58E50 /* TMDBPerson.swift */; };
		C4AFAD2122CCB091004484ED /* TMDBMovie.swift in Sources */ = {isa = PBXBuildFile; fileRef = C4B117FC22C64F2F00E58E50 /* TMDBMovie.swift */; };
		C4AFAD2222CCB091004484ED /* TMDBCreditMovie.swift in Sources */ = {isa = PBXBuildFile; fileRef = C4B117FD22C64F2F00E58E50 /* TMDBCreditMovie.swift */; };
		C4AFAD2322CCB091004484ED /* TMDBObject.swift in Sources */ = {isa = PBXBuildFile; fileRef = C4B117FE22C64F2F00E58E50 /* TMDBObject.swift */; };
		C4AFAD2422CCB091004484ED /* TMDBCreditPerson.swift in Sources */ = {isa = PBXBuildFile; fileRef = C4B117FF22C64F2F00E58E50 /* TMDBCreditPerson.swift */; };
		C4AFAD2522CCB092004484ED /* TMDBPerson.swift in Sources */ = {isa = PBXBuildFile; fileRef = C4B117FB22C64F2F00E58E50 /* TMDBPerson.swift */; };
		C4AFAD2622CCB092004484ED /* TMDBMovie.swift in Sources */ = {isa = PBXBuildFile; fileRef = C4B117FC22C64F2F00E58E50 /* TMDBMovie.swift */; };
		C4AFAD2722CCB092004484ED /* TMDBCreditMovie.swift in Sources */ = {isa = PBXBuildFile; fileRef = C4B117FD22C64F2F00E58E50 /* TMDBCreditMovie.swift */; };
		C4AFAD2822CCB092004484ED /* TMDBObject.swift in Sources */ = {isa = PBXBuildFile; fileRef = C4B117FE22C64F2F00E58E50 /* TMDBObject.swift */; };
		C4AFAD2922CCB092004484ED /* TMDBCreditPerson.swift in Sources */ = {isa = PBXBuildFile; fileRef = C4B117FF22C64F2F00E58E50 /* TMDBCreditPerson.swift */; };
/* End PBXBuildFile section */

/* Begin PBXFileReference section */
		01A76CBF57E628644A04B331 /* Pods-SwiftTMDB.debug.xcconfig */ = {isa = PBXFileReference; includeInIndex = 1; lastKnownFileType = text.xcconfig; name = "Pods-SwiftTMDB.debug.xcconfig"; path = "Target Support Files/Pods-SwiftTMDB/Pods-SwiftTMDB.debug.xcconfig"; sourceTree = "<group>"; };
		0218B9576C7949C023AD4812 /* Pods-SwiftTMDB_MacOS.release.xcconfig */ = {isa = PBXFileReference; includeInIndex = 1; lastKnownFileType = text.xcconfig; name = "Pods-SwiftTMDB_MacOS.release.xcconfig"; path = "Target Support Files/Pods-SwiftTMDB_MacOS/Pods-SwiftTMDB_MacOS.release.xcconfig"; sourceTree = "<group>"; };
		4DF7AD32C1CF38DED982D404 /* libPods-SwiftTMDB.a */ = {isa = PBXFileReference; explicitFileType = archive.ar; includeInIndex = 0; path = "libPods-SwiftTMDB.a"; sourceTree = BUILT_PRODUCTS_DIR; };
		50214FA794906F5AD7D51DD5 /* Pods-SwiftTMDB_iOS.release.xcconfig */ = {isa = PBXFileReference; includeInIndex = 1; lastKnownFileType = text.xcconfig; name = "Pods-SwiftTMDB_iOS.release.xcconfig"; path = "Target Support Files/Pods-SwiftTMDB_iOS/Pods-SwiftTMDB_iOS.release.xcconfig"; sourceTree = "<group>"; };
		9F56B66B561A474294C79618 /* Pods-SwiftTMDB_MacOS.debug.xcconfig */ = {isa = PBXFileReference; includeInIndex = 1; lastKnownFileType = text.xcconfig; name = "Pods-SwiftTMDB_MacOS.debug.xcconfig"; path = "Target Support Files/Pods-SwiftTMDB_MacOS/Pods-SwiftTMDB_MacOS.debug.xcconfig"; sourceTree = "<group>"; };
		A09EE7D0C3FD85233FD80119 /* Pods-SwiftTMDB.release.xcconfig */ = {isa = PBXFileReference; includeInIndex = 1; lastKnownFileType = text.xcconfig; name = "Pods-SwiftTMDB.release.xcconfig"; path = "Target Support Files/Pods-SwiftTMDB/Pods-SwiftTMDB.release.xcconfig"; sourceTree = "<group>"; };
		A3C416B7FA50D7FCAAA66574 /* Pods_SwiftTMDB_MacOS.framework */ = {isa = PBXFileReference; explicitFileType = wrapper.framework; includeInIndex = 0; path = Pods_SwiftTMDB_MacOS.framework; sourceTree = BUILT_PRODUCTS_DIR; };
		A72DD2CA9061A9AD71860356 /* Pods-SwiftTMDB_iOS.debug.xcconfig */ = {isa = PBXFileReference; includeInIndex = 1; lastKnownFileType = text.xcconfig; name = "Pods-SwiftTMDB_iOS.debug.xcconfig"; path = "Target Support Files/Pods-SwiftTMDB_iOS/Pods-SwiftTMDB_iOS.debug.xcconfig"; sourceTree = "<group>"; };
		C4AFACF522CCB012004484ED /* SwiftTMDB_iOS.framework */ = {isa = PBXFileReference; explicitFileType = wrapper.framework; includeInIndex = 0; path = SwiftTMDB_iOS.framework; sourceTree = BUILT_PRODUCTS_DIR; };
		C4AFACF722CCB012004484ED /* SwiftTMDB_iOS.h */ = {isa = PBXFileReference; lastKnownFileType = sourcecode.c.h; path = SwiftTMDB_iOS.h; sourceTree = "<group>"; };
		C4AFACF822CCB012004484ED /* Info.plist */ = {isa = PBXFileReference; lastKnownFileType = text.plist.xml; path = Info.plist; sourceTree = "<group>"; };
		C4AFAD0222CCB02A004484ED /* SwiftTMDB_MacOS.framework */ = {isa = PBXFileReference; explicitFileType = wrapper.framework; includeInIndex = 0; path = SwiftTMDB_MacOS.framework; sourceTree = BUILT_PRODUCTS_DIR; };
		C4AFAD0422CCB02A004484ED /* SwiftTMDB_MacOS.h */ = {isa = PBXFileReference; lastKnownFileType = sourcecode.c.h; path = SwiftTMDB_MacOS.h; sourceTree = "<group>"; };
		C4AFAD0522CCB02A004484ED /* Info.plist */ = {isa = PBXFileReference; lastKnownFileType = text.plist.xml; path = Info.plist; sourceTree = "<group>"; };
		C4B117F822C64F2F00E58E50 /* SupplimentaryDataQuery.swift */ = {isa = PBXFileReference; lastKnownFileType = sourcecode.swift; path = SupplimentaryDataQuery.swift; sourceTree = "<group>"; };
		C4B117F922C64F2F00E58E50 /* Query.swift */ = {isa = PBXFileReference; lastKnownFileType = sourcecode.swift; path = Query.swift; sourceTree = "<group>"; };
		C4B117FB22C64F2F00E58E50 /* TMDBPerson.swift */ = {isa = PBXFileReference; lastKnownFileType = sourcecode.swift; path = TMDBPerson.swift; sourceTree = "<group>"; };
		C4B117FC22C64F2F00E58E50 /* TMDBMovie.swift */ = {isa = PBXFileReference; lastKnownFileType = sourcecode.swift; path = TMDBMovie.swift; sourceTree = "<group>"; };
		C4B117FD22C64F2F00E58E50 /* TMDBCreditMovie.swift */ = {isa = PBXFileReference; lastKnownFileType = sourcecode.swift; path = TMDBCreditMovie.swift; sourceTree = "<group>"; };
		C4B117FE22C64F2F00E58E50 /* TMDBObject.swift */ = {isa = PBXFileReference; lastKnownFileType = sourcecode.swift; path = TMDBObject.swift; sourceTree = "<group>"; };
		C4B117FF22C64F2F00E58E50 /* TMDBCreditPerson.swift */ = {isa = PBXFileReference; lastKnownFileType = sourcecode.swift; path = TMDBCreditPerson.swift; sourceTree = "<group>"; };
		C4B1180022C64F2F00E58E50 /* ImageQuery.swift */ = {isa = PBXFileReference; lastKnownFileType = sourcecode.swift; path = ImageQuery.swift; sourceTree = "<group>"; };
		C4B1180122C64F2F00E58E50 /* GetQuery.swift */ = {isa = PBXFileReference; lastKnownFileType = sourcecode.swift; path = GetQuery.swift; sourceTree = "<group>"; };
		C4B1180222C64F2F00E58E50 /* RecommendedQuery.swift */ = {isa = PBXFileReference; lastKnownFileType = sourcecode.swift; path = RecommendedQuery.swift; sourceTree = "<group>"; };
		C4B1180322C64F2F00E58E50 /* StatusResponse.swift */ = {isa = PBXFileReference; lastKnownFileType = sourcecode.swift; path = StatusResponse.swift; sourceTree = "<group>"; };
		C4B1180422C64F3000E58E50 /* DiscoverQuery.swift */ = {isa = PBXFileReference; lastKnownFileType = sourcecode.swift; path = DiscoverQuery.swift; sourceTree = "<group>"; };
		C4B1180522C64F3000E58E50 /* Reference.swift */ = {isa = PBXFileReference; lastKnownFileType = sourcecode.swift; path = Reference.swift; sourceTree = "<group>"; };
		C4B1180622C64F3000E58E50 /* TMDBQueryManager.swift */ = {isa = PBXFileReference; lastKnownFileType = sourcecode.swift; path = TMDBQueryManager.swift; sourceTree = "<group>"; };
		C4B1180722C64F3000E58E50 /* SearchQuery.swift */ = {isa = PBXFileReference; lastKnownFileType = sourcecode.swift; path = SearchQuery.swift; sourceTree = "<group>"; };
		C4B1180822C64F3000E58E50 /* MultipleItemQuery.swift */ = {isa = PBXFileReference; lastKnownFileType = sourcecode.swift; path = MultipleItemQuery.swift; sourceTree = "<group>"; };
		C4B1180922C6521100E58E50 /* File.swift */ = {isa = PBXFileReference; lastKnownFileType = sourcecode.swift; path = File.swift; sourceTree = "<group>"; };
		D5C6928ADB7179A63DA26D77 /* Pods_SwiftTMDB_iOS.framework */ = {isa = PBXFileReference; explicitFileType = wrapper.framework; includeInIndex = 0; path = Pods_SwiftTMDB_iOS.framework; sourceTree = BUILT_PRODUCTS_DIR; };
/* End PBXFileReference section */

/* Begin PBXFrameworksBuildPhase section */
		C4AFACF222CCB012004484ED /* Frameworks */ = {
			isa = PBXFrameworksBuildPhase;
			buildActionMask = 2147483647;
			files = (
				3BEDCC4AE6BB1DBAC1D87B47 /* Pods_SwiftTMDB_iOS.framework in Frameworks */,
			);
			runOnlyForDeploymentPostprocessing = 0;
		};
		C4AFACFF22CCB02A004484ED /* Frameworks */ = {
			isa = PBXFrameworksBuildPhase;
			buildActionMask = 2147483647;
			files = (
				68EDF576A16063A3954A82D1 /* Pods_SwiftTMDB_MacOS.framework in Frameworks */,
			);
			runOnlyForDeploymentPostprocessing = 0;
		};
/* End PBXFrameworksBuildPhase section */

/* Begin PBXGroup section */
		5C878C34A7D26EF664C43772 /* Frameworks */ = {
			isa = PBXGroup;
			children = (
				4DF7AD32C1CF38DED982D404 /* libPods-SwiftTMDB.a */,
				A3C416B7FA50D7FCAAA66574 /* Pods_SwiftTMDB_MacOS.framework */,
				D5C6928ADB7179A63DA26D77 /* Pods_SwiftTMDB_iOS.framework */,
			);
			name = Frameworks;
			sourceTree = "<group>";
		};
		62CE6A2F333840C8824A1BBF /* Pods */ = {
			isa = PBXGroup;
			children = (
				01A76CBF57E628644A04B331 /* Pods-SwiftTMDB.debug.xcconfig */,
				A09EE7D0C3FD85233FD80119 /* Pods-SwiftTMDB.release.xcconfig */,
				9F56B66B561A474294C79618 /* Pods-SwiftTMDB_MacOS.debug.xcconfig */,
				0218B9576C7949C023AD4812 /* Pods-SwiftTMDB_MacOS.release.xcconfig */,
				A72DD2CA9061A9AD71860356 /* Pods-SwiftTMDB_iOS.debug.xcconfig */,
				50214FA794906F5AD7D51DD5 /* Pods-SwiftTMDB_iOS.release.xcconfig */,
			);
			path = Pods;
			sourceTree = "<group>";
		};
		C4AFACF622CCB012004484ED /* SwiftTMDB_iOS */ = {
			isa = PBXGroup;
			children = (
				C4AFACF722CCB012004484ED /* SwiftTMDB_iOS.h */,
				C4AFACF822CCB012004484ED /* Info.plist */,
			);
			path = SwiftTMDB_iOS;
			sourceTree = "<group>";
		};
		C4AFAD0322CCB02A004484ED /* SwiftTMDB_MacOS */ = {
			isa = PBXGroup;
			children = (
				C4AFAD0422CCB02A004484ED /* SwiftTMDB_MacOS.h */,
				C4AFAD0522CCB02A004484ED /* Info.plist */,
			);
			path = SwiftTMDB_MacOS;
			sourceTree = "<group>";
		};
		C4B117E222C64F0D00E58E50 = {
			isa = PBXGroup;
			children = (
				C4B1180922C6521100E58E50 /* File.swift */,
				C4B117F722C64F1D00E58E50 /* Source */,
				C4AFACF622CCB012004484ED /* SwiftTMDB_iOS */,
				C4AFAD0322CCB02A004484ED /* SwiftTMDB_MacOS */,
				C4B117ED22C64F0D00E58E50 /* Products */,
				62CE6A2F333840C8824A1BBF /* Pods */,
				5C878C34A7D26EF664C43772 /* Frameworks */,
			);
			sourceTree = "<group>";
		};
		C4B117ED22C64F0D00E58E50 /* Products */ = {
			isa = PBXGroup;
			children = (
				C4AFACF522CCB012004484ED /* SwiftTMDB_iOS.framework */,
				C4AFAD0222CCB02A004484ED /* SwiftTMDB_MacOS.framework */,
			);
			name = Products;
			sourceTree = "<group>";
		};
		C4B117F722C64F1D00E58E50 /* Source */ = {
			isa = PBXGroup;
			children = (
				C4B1180422C64F3000E58E50 /* DiscoverQuery.swift */,
				C4B1180122C64F2F00E58E50 /* GetQuery.swift */,
				C4B1180022C64F2F00E58E50 /* ImageQuery.swift */,
				C4B117FA22C64F2F00E58E50 /* Model */,
				C4B1180822C64F3000E58E50 /* MultipleItemQuery.swift */,
				C4B117F922C64F2F00E58E50 /* Query.swift */,
				C4B1180222C64F2F00E58E50 /* RecommendedQuery.swift */,
				C4B1180522C64F3000E58E50 /* Reference.swift */,
				C4B1180722C64F3000E58E50 /* SearchQuery.swift */,
				C4B1180322C64F2F00E58E50 /* StatusResponse.swift */,
				C4B117F822C64F2F00E58E50 /* SupplimentaryDataQuery.swift */,
				C4B1180622C64F3000E58E50 /* TMDBQueryManager.swift */,
			);
			path = Source;
			sourceTree = "<group>";
		};
		C4B117FA22C64F2F00E58E50 /* Model */ = {
			isa = PBXGroup;
			children = (
				C4B117FB22C64F2F00E58E50 /* TMDBPerson.swift */,
				C4B117FC22C64F2F00E58E50 /* TMDBMovie.swift */,
				C4B117FD22C64F2F00E58E50 /* TMDBCreditMovie.swift */,
				C4B117FE22C64F2F00E58E50 /* TMDBObject.swift */,
				C4B117FF22C64F2F00E58E50 /* TMDBCreditPerson.swift */,
			);
			path = Model;
			sourceTree = "<group>";
		};
/* End PBXGroup section */

/* Begin PBXHeadersBuildPhase section */
		C4AFACF022CCB012004484ED /* Headers */ = {
			isa = PBXHeadersBuildPhase;
			buildActionMask = 2147483647;
			files = (
				C4AFACF922CCB012004484ED /* SwiftTMDB_iOS.h in Headers */,
			);
			runOnlyForDeploymentPostprocessing = 0;
		};
		C4AFACFD22CCB02A004484ED /* Headers */ = {
			isa = PBXHeadersBuildPhase;
			buildActionMask = 2147483647;
			files = (
				C4AFAD0622CCB02A004484ED /* SwiftTMDB_MacOS.h in Headers */,
			);
			runOnlyForDeploymentPostprocessing = 0;
		};
/* End PBXHeadersBuildPhase section */

/* Begin PBXNativeTarget section */
		C4AFACF422CCB012004484ED /* SwiftTMDB_iOS */ = {
			isa = PBXNativeTarget;
			buildConfigurationList = C4AFACFA22CCB012004484ED /* Build configuration list for PBXNativeTarget "SwiftTMDB_iOS" */;
			buildPhases = (
				503C6E809E65ECE755669C8E /* [CP] Check Pods Manifest.lock */,
				C4AFACF022CCB012004484ED /* Headers */,
				C4AFACF122CCB012004484ED /* Sources */,
				C4AFACF222CCB012004484ED /* Frameworks */,
				C4AFACF322CCB012004484ED /* Resources */,
			);
			buildRules = (
			);
			dependencies = (
			);
			name = SwiftTMDB_iOS;
			productName = SwiftTMDB_iOS;
			productReference = C4AFACF522CCB012004484ED /* SwiftTMDB_iOS.framework */;
			productType = "com.apple.product-type.framework";
		};
		C4AFAD0122CCB02A004484ED /* SwiftTMDB_MacOS */ = {
			isa = PBXNativeTarget;
			buildConfigurationList = C4AFAD0722CCB02A004484ED /* Build configuration list for PBXNativeTarget "SwiftTMDB_MacOS" */;
			buildPhases = (
				949DE6AD39B53882D0474008 /* [CP] Check Pods Manifest.lock */,
				C4AFACFD22CCB02A004484ED /* Headers */,
				C4AFACFE22CCB02A004484ED /* Sources */,
				C4AFACFF22CCB02A004484ED /* Frameworks */,
				C4AFAD0022CCB02A004484ED /* Resources */,
			);
			buildRules = (
			);
			dependencies = (
			);
			name = SwiftTMDB_MacOS;
			productName = SwiftTMDB_MacOS;
			productReference = C4AFAD0222CCB02A004484ED /* SwiftTMDB_MacOS.framework */;
			productType = "com.apple.product-type.framework";
		};
/* End PBXNativeTarget section */

/* Begin PBXProject section */
		C4B117E322C64F0D00E58E50 /* Project object */ = {
			isa = PBXProject;
			attributes = {
				LastUpgradeCheck = 1020;
				ORGANIZATIONNAME = "Dylan Southard";
				TargetAttributes = {
					C4AFACF422CCB012004484ED = {
						CreatedOnToolsVersion = 10.2.1;
					};
					C4AFAD0122CCB02A004484ED = {
						CreatedOnToolsVersion = 10.2.1;
					};
				};
			};
			buildConfigurationList = C4B117E622C64F0D00E58E50 /* Build configuration list for PBXProject "SwiftTMDB" */;
			compatibilityVersion = "Xcode 9.3";
			developmentRegion = en;
			hasScannedForEncodings = 0;
			knownRegions = (
				en,
				Base,
			);
			mainGroup = C4B117E222C64F0D00E58E50;
			productRefGroup = C4B117ED22C64F0D00E58E50 /* Products */;
			projectDirPath = "";
			projectRoot = "";
			targets = (
				C4AFACF422CCB012004484ED /* SwiftTMDB_iOS */,
				C4AFAD0122CCB02A004484ED /* SwiftTMDB_MacOS */,
			);
		};
/* End PBXProject section */

/* Begin PBXResourcesBuildPhase section */
		C4AFACF322CCB012004484ED /* Resources */ = {
			isa = PBXResourcesBuildPhase;
			buildActionMask = 2147483647;
			files = (
			);
			runOnlyForDeploymentPostprocessing = 0;
		};
		C4AFAD0022CCB02A004484ED /* Resources */ = {
			isa = PBXResourcesBuildPhase;
			buildActionMask = 2147483647;
			files = (
			);
			runOnlyForDeploymentPostprocessing = 0;
		};
/* End PBXResourcesBuildPhase section */

/* Begin PBXShellScriptBuildPhase section */
		503C6E809E65ECE755669C8E /* [CP] Check Pods Manifest.lock */ = {
			isa = PBXShellScriptBuildPhase;
			buildActionMask = 2147483647;
			files = (
			);
			inputFileListPaths = (
			);
			inputPaths = (
				"${PODS_PODFILE_DIR_PATH}/Podfile.lock",
				"${PODS_ROOT}/Manifest.lock",
			);
			name = "[CP] Check Pods Manifest.lock";
			outputFileListPaths = (
			);
			outputPaths = (
				"$(DERIVED_FILE_DIR)/Pods-SwiftTMDB_iOS-checkManifestLockResult.txt",
			);
			runOnlyForDeploymentPostprocessing = 0;
			shellPath = /bin/sh;
			shellScript = "diff \"${PODS_PODFILE_DIR_PATH}/Podfile.lock\" \"${PODS_ROOT}/Manifest.lock\" > /dev/null\nif [ $? != 0 ] ; then\n    # print error to STDERR\n    echo \"error: The sandbox is not in sync with the Podfile.lock. Run 'pod install' or update your CocoaPods installation.\" >&2\n    exit 1\nfi\n# This output is used by Xcode 'outputs' to avoid re-running this script phase.\necho \"SUCCESS\" > \"${SCRIPT_OUTPUT_FILE_0}\"\n";
			showEnvVarsInLog = 0;
		};
		949DE6AD39B53882D0474008 /* [CP] Check Pods Manifest.lock */ = {
			isa = PBXShellScriptBuildPhase;
			buildActionMask = 2147483647;
			files = (
			);
			inputFileListPaths = (
			);
			inputPaths = (
				"${PODS_PODFILE_DIR_PATH}/Podfile.lock",
				"${PODS_ROOT}/Manifest.lock",
			);
			name = "[CP] Check Pods Manifest.lock";
			outputFileListPaths = (
			);
			outputPaths = (
				"$(DERIVED_FILE_DIR)/Pods-SwiftTMDB_MacOS-checkManifestLockResult.txt",
			);
			runOnlyForDeploymentPostprocessing = 0;
			shellPath = /bin/sh;
			shellScript = "diff \"${PODS_PODFILE_DIR_PATH}/Podfile.lock\" \"${PODS_ROOT}/Manifest.lock\" > /dev/null\nif [ $? != 0 ] ; then\n    # print error to STDERR\n    echo \"error: The sandbox is not in sync with the Podfile.lock. Run 'pod install' or update your CocoaPods installation.\" >&2\n    exit 1\nfi\n# This output is used by Xcode 'outputs' to avoid re-running this script phase.\necho \"SUCCESS\" > \"${SCRIPT_OUTPUT_FILE_0}\"\n";
			showEnvVarsInLog = 0;
		};
/* End PBXShellScriptBuildPhase section */

/* Begin PBXSourcesBuildPhase section */
		C4AFACF122CCB012004484ED /* Sources */ = {
			isa = PBXSourcesBuildPhase;
			buildActionMask = 2147483647;
			files = (
				C4AFAD2222CCB091004484ED /* TMDBCreditMovie.swift in Sources */,
				C4AFAD2122CCB091004484ED /* TMDBMovie.swift in Sources */,
				C4AFAD1A22CCB08C004484ED /* DiscoverQuery.swift in Sources */,
				C4AFAD2022CCB091004484ED /* TMDBPerson.swift in Sources */,
				C4AFAD0F22CCB089004484ED /* StatusResponse.swift in Sources */,
				C4AFAD1122CCB089004484ED /* TMDBQueryManager.swift in Sources */,
				C4AFAD0B22CCB089004484ED /* Query.swift in Sources */,
				C4AFAD0D22CCB089004484ED /* Reference.swift in Sources */,
				C4AFAD1C22CCB08C004484ED /* ImageQuery.swift in Sources */,
				C4AFAD0E22CCB089004484ED /* SearchQuery.swift in Sources */,
				C4AFAD2422CCB091004484ED /* TMDBCreditPerson.swift in Sources */,
				C4AFAD2322CCB091004484ED /* TMDBObject.swift in Sources */,
				C4AFAD0A22CCB089004484ED /* MultipleItemQuery.swift in Sources */,
				C4AFAD1B22CCB08C004484ED /* GetQuery.swift in Sources */,
				C4AFAD0C22CCB089004484ED /* RecommendedQuery.swift in Sources */,
				C4AFAD1022CCB089004484ED /* SupplimentaryDataQuery.swift in Sources */,
			);
			runOnlyForDeploymentPostprocessing = 0;
		};
		C4AFACFE22CCB02A004484ED /* Sources */ = {
			isa = PBXSourcesBuildPhase;
			buildActionMask = 2147483647;
			files = (
				C4AFAD2722CCB092004484ED /* TMDBCreditMovie.swift in Sources */,
				C4AFAD2622CCB092004484ED /* TMDBMovie.swift in Sources */,
				C4AFAD1D22CCB08D004484ED /* DiscoverQuery.swift in Sources */,
				C4AFAD2522CCB092004484ED /* TMDBPerson.swift in Sources */,
				C4AFAD1722CCB08A004484ED /* StatusResponse.swift in Sources */,
				C4AFAD1922CCB08A004484ED /* TMDBQueryManager.swift in Sources */,
				C4AFAD1322CCB08A004484ED /* Query.swift in Sources */,
				C4AFAD1522CCB08A004484ED /* Reference.swift in Sources */,
				C4AFAD1F22CCB08D004484ED /* ImageQuery.swift in Sources */,
				C4AFAD1622CCB08A004484ED /* SearchQuery.swift in Sources */,
				C4AFAD2922CCB092004484ED /* TMDBCreditPerson.swift in Sources */,
				C4AFAD2822CCB092004484ED /* TMDBObject.swift in Sources */,
				C4AFAD1222CCB08A004484ED /* MultipleItemQuery.swift in Sources */,
				C4AFAD1E22CCB08D004484ED /* GetQuery.swift in Sources */,
				C4AFAD1422CCB08A004484ED /* RecommendedQuery.swift in Sources */,
				C4AFAD1822CCB08A004484ED /* SupplimentaryDataQuery.swift in Sources */,
			);
			runOnlyForDeploymentPostprocessing = 0;
		};
/* End PBXSourcesBuildPhase section */

/* Begin XCBuildConfiguration section */
		C4AFACFB22CCB012004484ED /* Debug */ = {
			isa = XCBuildConfiguration;
			baseConfigurationReference = A72DD2CA9061A9AD71860356 /* Pods-SwiftTMDB_iOS.debug.xcconfig */;
			buildSettings = {
				CODE_SIGN_IDENTITY = "";
				CODE_SIGN_STYLE = Automatic;
				DEFINES_MODULE = YES;
				DEVELOPMENT_TEAM = UQ3BB547F3;
				DYLIB_COMPATIBILITY_VERSION = 1;
				DYLIB_CURRENT_VERSION = 1;
				DYLIB_INSTALL_NAME_BASE = "@rpath";
				INFOPLIST_FILE = SwiftTMDB_iOS/Info.plist;
				INSTALL_PATH = "$(LOCAL_LIBRARY_DIR)/Frameworks";
				LD_RUNPATH_SEARCH_PATHS = (
					"$(inherited)",
					"@executable_path/Frameworks",
					"@loader_path/Frameworks",
				);
				PRODUCT_BUNDLE_IDENTIFIER = "com.ihounokyaku.com.SwiftTMDB-iOS";
				PRODUCT_NAME = "$(TARGET_NAME:c99extidentifier)";
				SKIP_INSTALL = YES;
				SWIFT_VERSION = 5.0;
				TARGETED_DEVICE_FAMILY = "1,2";
			};
			name = Debug;
		};
		C4AFACFC22CCB012004484ED /* Release */ = {
			isa = XCBuildConfiguration;
			baseConfigurationReference = 50214FA794906F5AD7D51DD5 /* Pods-SwiftTMDB_iOS.release.xcconfig */;
			buildSettings = {
				CODE_SIGN_IDENTITY = "";
				CODE_SIGN_STYLE = Automatic;
				DEFINES_MODULE = YES;
				DEVELOPMENT_TEAM = UQ3BB547F3;
				DYLIB_COMPATIBILITY_VERSION = 1;
				DYLIB_CURRENT_VERSION = 1;
				DYLIB_INSTALL_NAME_BASE = "@rpath";
				INFOPLIST_FILE = SwiftTMDB_iOS/Info.plist;
				INSTALL_PATH = "$(LOCAL_LIBRARY_DIR)/Frameworks";
				LD_RUNPATH_SEARCH_PATHS = (
					"$(inherited)",
					"@executable_path/Frameworks",
					"@loader_path/Frameworks",
				);
				PRODUCT_BUNDLE_IDENTIFIER = "com.ihounokyaku.com.SwiftTMDB-iOS";
				PRODUCT_NAME = "$(TARGET_NAME:c99extidentifier)";
				SKIP_INSTALL = YES;
				SWIFT_VERSION = 5.0;
				TARGETED_DEVICE_FAMILY = "1,2";
			};
			name = Release;
		};
		C4AFAD0822CCB02A004484ED /* Debug */ = {
			isa = XCBuildConfiguration;
			baseConfigurationReference = 9F56B66B561A474294C79618 /* Pods-SwiftTMDB_MacOS.debug.xcconfig */;
			buildSettings = {
				CODE_SIGN_IDENTITY = "Mac Developer";
				CODE_SIGN_STYLE = Automatic;
				COMBINE_HIDPI_IMAGES = YES;
				DEFINES_MODULE = YES;
				DEVELOPMENT_TEAM = UQ3BB547F3;
				DYLIB_COMPATIBILITY_VERSION = 1;
				DYLIB_CURRENT_VERSION = 1;
				DYLIB_INSTALL_NAME_BASE = "@rpath";
				FRAMEWORK_VERSION = A;
				INFOPLIST_FILE = SwiftTMDB_MacOS/Info.plist;
				INSTALL_PATH = "$(LOCAL_LIBRARY_DIR)/Frameworks";
				LD_RUNPATH_SEARCH_PATHS = (
					"$(inherited)",
					"@executable_path/../Frameworks",
					"@loader_path/Frameworks",
				);
				MACOSX_DEPLOYMENT_TARGET = 10.14;
				PRODUCT_BUNDLE_IDENTIFIER = "com.ihounokyaku.com.SwiftTMDB-MacOS";
				PRODUCT_NAME = "$(TARGET_NAME:c99extidentifier)";
				SDKROOT = macosx;
				SKIP_INSTALL = YES;
				SWIFT_VERSION = 5.0;
			};
			name = Debug;
		};
		C4AFAD0922CCB02A004484ED /* Release */ = {
			isa = XCBuildConfiguration;
			baseConfigurationReference = 0218B9576C7949C023AD4812 /* Pods-SwiftTMDB_MacOS.release.xcconfig */;
			buildSettings = {
				CODE_SIGN_IDENTITY = "Mac Developer";
				CODE_SIGN_STYLE = Automatic;
				COMBINE_HIDPI_IMAGES = YES;
				DEFINES_MODULE = YES;
				DEVELOPMENT_TEAM = UQ3BB547F3;
				DYLIB_COMPATIBILITY_VERSION = 1;
				DYLIB_CURRENT_VERSION = 1;
				DYLIB_INSTALL_NAME_BASE = "@rpath";
				FRAMEWORK_VERSION = A;
				INFOPLIST_FILE = SwiftTMDB_MacOS/Info.plist;
				INSTALL_PATH = "$(LOCAL_LIBRARY_DIR)/Frameworks";
				LD_RUNPATH_SEARCH_PATHS = (
					"$(inherited)",
					"@executable_path/../Frameworks",
					"@loader_path/Frameworks",
				);
				MACOSX_DEPLOYMENT_TARGET = 10.14;
				PRODUCT_BUNDLE_IDENTIFIER = "com.ihounokyaku.com.SwiftTMDB-MacOS";
				PRODUCT_NAME = "$(TARGET_NAME:c99extidentifier)";
				SDKROOT = macosx;
				SKIP_INSTALL = YES;
				SWIFT_VERSION = 5.0;
			};
			name = Release;
		};
		C4B117F222C64F0D00E58E50 /* Debug */ = {
			isa = XCBuildConfiguration;
			buildSettings = {
				ALWAYS_SEARCH_USER_PATHS = NO;
				CLANG_ANALYZER_NONNULL = YES;
				CLANG_ANALYZER_NUMBER_OBJECT_CONVERSION = YES_AGGRESSIVE;
				CLANG_CXX_LANGUAGE_STANDARD = "gnu++14";
				CLANG_CXX_LIBRARY = "libc++";
				CLANG_ENABLE_MODULES = YES;
				CLANG_ENABLE_OBJC_ARC = YES;
				CLANG_ENABLE_OBJC_WEAK = YES;
				CLANG_WARN_BLOCK_CAPTURE_AUTORELEASING = YES;
				CLANG_WARN_BOOL_CONVERSION = YES;
				CLANG_WARN_COMMA = YES;
				CLANG_WARN_CONSTANT_CONVERSION = YES;
				CLANG_WARN_DEPRECATED_OBJC_IMPLEMENTATIONS = YES;
				CLANG_WARN_DIRECT_OBJC_ISA_USAGE = YES_ERROR;
				CLANG_WARN_DOCUMENTATION_COMMENTS = YES;
				CLANG_WARN_EMPTY_BODY = YES;
				CLANG_WARN_ENUM_CONVERSION = YES;
				CLANG_WARN_INFINITE_RECURSION = YES;
				CLANG_WARN_INT_CONVERSION = YES;
				CLANG_WARN_NON_LITERAL_NULL_CONVERSION = YES;
				CLANG_WARN_OBJC_IMPLICIT_RETAIN_SELF = YES;
				CLANG_WARN_OBJC_LITERAL_CONVERSION = YES;
				CLANG_WARN_OBJC_ROOT_CLASS = YES_ERROR;
				CLANG_WARN_RANGE_LOOP_ANALYSIS = YES;
				CLANG_WARN_STRICT_PROTOTYPES = YES;
				CLANG_WARN_SUSPICIOUS_MOVE = YES;
				CLANG_WARN_UNGUARDED_AVAILABILITY = YES_AGGRESSIVE;
				CLANG_WARN_UNREACHABLE_CODE = YES;
				CLANG_WARN__DUPLICATE_METHOD_MATCH = YES;
				CODE_SIGN_IDENTITY = "iPhone Developer";
				COPY_PHASE_STRIP = NO;
				CURRENT_PROJECT_VERSION = 1;
				DEBUG_INFORMATION_FORMAT = dwarf;
				ENABLE_STRICT_OBJC_MSGSEND = YES;
				ENABLE_TESTABILITY = YES;
				GCC_C_LANGUAGE_STANDARD = gnu11;
				GCC_DYNAMIC_NO_PIC = NO;
				GCC_NO_COMMON_BLOCKS = YES;
				GCC_OPTIMIZATION_LEVEL = 0;
				GCC_PREPROCESSOR_DEFINITIONS = (
					"DEBUG=1",
					"$(inherited)",
				);
				GCC_WARN_64_TO_32_BIT_CONVERSION = YES;
				GCC_WARN_ABOUT_RETURN_TYPE = YES_ERROR;
				GCC_WARN_UNDECLARED_SELECTOR = YES;
				GCC_WARN_UNINITIALIZED_AUTOS = YES_AGGRESSIVE;
				GCC_WARN_UNUSED_FUNCTION = YES;
				GCC_WARN_UNUSED_VARIABLE = YES;
				IPHONEOS_DEPLOYMENT_TARGET = 12.2;
				MTL_ENABLE_DEBUG_INFO = INCLUDE_SOURCE;
				MTL_FAST_MATH = YES;
				ONLY_ACTIVE_ARCH = YES;
				SDKROOT = iphoneos;
				SWIFT_ACTIVE_COMPILATION_CONDITIONS = DEBUG;
				SWIFT_OPTIMIZATION_LEVEL = "-Onone";
				VERSIONING_SYSTEM = "apple-generic";
				VERSION_INFO_PREFIX = "";
			};
			name = Debug;
		};
		C4B117F322C64F0D00E58E50 /* Release */ = {
			isa = XCBuildConfiguration;
			buildSettings = {
				ALWAYS_SEARCH_USER_PATHS = NO;
				CLANG_ANALYZER_NONNULL = YES;
				CLANG_ANALYZER_NUMBER_OBJECT_CONVERSION = YES_AGGRESSIVE;
				CLANG_CXX_LANGUAGE_STANDARD = "gnu++14";
				CLANG_CXX_LIBRARY = "libc++";
				CLANG_ENABLE_MODULES = YES;
				CLANG_ENABLE_OBJC_ARC = YES;
				CLANG_ENABLE_OBJC_WEAK = YES;
				CLANG_WARN_BLOCK_CAPTURE_AUTORELEASING = YES;
				CLANG_WARN_BOOL_CONVERSION = YES;
				CLANG_WARN_COMMA = YES;
				CLANG_WARN_CONSTANT_CONVERSION = YES;
				CLANG_WARN_DEPRECATED_OBJC_IMPLEMENTATIONS = YES;
				CLANG_WARN_DIRECT_OBJC_ISA_USAGE = YES_ERROR;
				CLANG_WARN_DOCUMENTATION_COMMENTS = YES;
				CLANG_WARN_EMPTY_BODY = YES;
				CLANG_WARN_ENUM_CONVERSION = YES;
				CLANG_WARN_INFINITE_RECURSION = YES;
				CLANG_WARN_INT_CONVERSION = YES;
				CLANG_WARN_NON_LITERAL_NULL_CONVERSION = YES;
				CLANG_WARN_OBJC_IMPLICIT_RETAIN_SELF = YES;
				CLANG_WARN_OBJC_LITERAL_CONVERSION = YES;
				CLANG_WARN_OBJC_ROOT_CLASS = YES_ERROR;
				CLANG_WARN_RANGE_LOOP_ANALYSIS = YES;
				CLANG_WARN_STRICT_PROTOTYPES = YES;
				CLANG_WARN_SUSPICIOUS_MOVE = YES;
				CLANG_WARN_UNGUARDED_AVAILABILITY = YES_AGGRESSIVE;
				CLANG_WARN_UNREACHABLE_CODE = YES;
				CLANG_WARN__DUPLICATE_METHOD_MATCH = YES;
				CODE_SIGN_IDENTITY = "iPhone Developer";
				COPY_PHASE_STRIP = NO;
				CURRENT_PROJECT_VERSION = 1;
				DEBUG_INFORMATION_FORMAT = "dwarf-with-dsym";
				ENABLE_NS_ASSERTIONS = NO;
				ENABLE_STRICT_OBJC_MSGSEND = YES;
				GCC_C_LANGUAGE_STANDARD = gnu11;
				GCC_NO_COMMON_BLOCKS = YES;
				GCC_WARN_64_TO_32_BIT_CONVERSION = YES;
				GCC_WARN_ABOUT_RETURN_TYPE = YES_ERROR;
				GCC_WARN_UNDECLARED_SELECTOR = YES;
				GCC_WARN_UNINITIALIZED_AUTOS = YES_AGGRESSIVE;
				GCC_WARN_UNUSED_FUNCTION = YES;
				GCC_WARN_UNUSED_VARIABLE = YES;
				IPHONEOS_DEPLOYMENT_TARGET = 12.2;
				MTL_ENABLE_DEBUG_INFO = NO;
				MTL_FAST_MATH = YES;
				SDKROOT = iphoneos;
				SWIFT_COMPILATION_MODE = wholemodule;
				SWIFT_OPTIMIZATION_LEVEL = "-O";
				VALIDATE_PRODUCT = YES;
				VERSIONING_SYSTEM = "apple-generic";
				VERSION_INFO_PREFIX = "";
			};
			name = Release;
		};
/* End XCBuildConfiguration section */

/* Begin XCConfigurationList section */
		C4AFACFA22CCB012004484ED /* Build configuration list for PBXNativeTarget "SwiftTMDB_iOS" */ = {
			isa = XCConfigurationList;
			buildConfigurations = (
				C4AFACFB22CCB012004484ED /* Debug */,
				C4AFACFC22CCB012004484ED /* Release */,
			);
			defaultConfigurationIsVisible = 0;
			defaultConfigurationName = Release;
		};
		C4AFAD0722CCB02A004484ED /* Build configuration list for PBXNativeTarget "SwiftTMDB_MacOS" */ = {
			isa = XCConfigurationList;
			buildConfigurations = (
				C4AFAD0822CCB02A004484ED /* Debug */,
				C4AFAD0922CCB02A004484ED /* Release */,
			);
			defaultConfigurationIsVisible = 0;
			defaultConfigurationName = Release;
		};
		C4B117E622C64F0D00E58E50 /* Build configuration list for PBXProject "SwiftTMDB" */ = {
			isa = XCConfigurationList;
			buildConfigurations = (
				C4B117F222C64F0D00E58E50 /* Debug */,
				C4B117F322C64F0D00E58E50 /* Release */,
			);
			defaultConfigurationIsVisible = 0;
			defaultConfigurationName = Release;
		};
/* End XCConfigurationList section */
	};
	rootObject = C4B117E322C64F0D00E58E50 /* Project object */;
}
